
Microsoft Visual Studio Solution File, Format Version 12.00
# Visual Studio Version 17
VisualStudioVersion = 17.14.36518.9 d17.14
MinimumVisualStudioVersion = 10.0.40219.1
Project("{FAE04EC0-301F-11D3-BF4B-00C04F79EFBC}") = "C#TASK05_DataToFiles", "C#TASK05_DataToFiles\C#TASK05_DataToFiles.csproj", "{03C4791E-454F-4BDD-A2A4-9C29241ED1F0}"
EndProject
Global
	GlobalSection(SolutionConfigurationPlatforms) = preSolution
		Debug|Any CPU = Debug|Any CPU
		Release|Any CPU = Release|Any CPU
	EndGlobalSection
	GlobalSection(ProjectConfigurationPlatforms) = postSolution
		{03C4791E-454F-4BDD-A2A4-9C29241ED1F0}.Debug|Any CPU.ActiveCfg = Debug|Any CPU
		{03C4791E-454F-4BDD-A2A4-9C29241ED1F0}.Debug|Any CPU.Build.0 = Debug|Any CPU
		{03C4791E-454F-4BDD-A2A4-9C29241ED1F0}.Release|Any CPU.ActiveCfg = Release|Any CPU
		{03C4791E-454F-4BDD-A2A4-9C29241ED1F0}.Release|Any CPU.Build.0 = Release|Any CPU
	EndGlobalSection
	GlobalSection(SolutionProperties) = preSolution
		HideSolutionNode = FALSE
	EndGlobalSection
	GlobalSection(ExtensibilityGlobals) = postSolution
		SolutionGuid = {411785FD-7417-45DF-89B6-A3A22564CF68}
	EndGlobalSection
EndGlobal
